{
  "name": "cold-pool",
  "version": "1.0.0",
  "lockfileVersion": 2,
  "requires": true,
  "packages": {
    "": {
      "name": "cold-pool",
      "version": "1.0.0",
      "license": "MIT",
      "dependencies": {
        "@jskitty/bitcoin-rpc": "^1.0.1"
      }
    },
    "node_modules/@jskitty/bitcoin-rpc": {
      "version": "1.0.1",
      "resolved": "https://registry.npmjs.org/@jskitty/bitcoin-rpc/-/bitcoin-rpc-1.0.1.tgz",
      "integrity": "sha512-IygLS8oGVF5vcqYz3rPzKos/3CrT5BylOQ/RSeHV9TTM0yL8kPzjFzoDb7CvJbo1tgmR7rgSYLBanecSOYaaww=="
    }
  },
  "dependencies": {
    "@jskitty/bitcoin-rpc": {
      "version": "1.0.1",
      "resolved": "https://registry.npmjs.org/@jskitty/bitcoin-rpc/-/bitcoin-rpc-1.0.1.tgz",
      "integrity": "sha512-IygLS8oGVF5vcqYz3rPzKos/3CrT5BylOQ/RSeHV9TTM0yL8kPzjFzoDb7CvJbo1tgmR7rgSYLBanecSOYaaww=="
    }
  }
}
